// !$*UTF8*$!
{
	archiveVersion = 1;
	classes = {
	};
	objectVersion = 46;
	objects = {

/* Begin PBXBuildFile section */
		044411881DB45D4B006BB06A /* AppDelegate.swift in Sources */ = {isa = PBXBuildFile; fileRef = 044411871DB45D4B006BB06A /* AppDelegate.swift */; };
		0444118A1DB45D4B006BB06A /* ViewController.swift in Sources */ = {isa = PBXBuildFile; fileRef = 044411891DB45D4B006BB06A /* ViewController.swift */; };
		0444118F1DB45D4B006BB06A /* Assets.xcassets in Resources */ = {isa = PBXBuildFile; fileRef = 0444118E1DB45D4B006BB06A /* Assets.xcassets */; };
		044411921DB45D4B006BB06A /* LaunchScreen.storyboard in Resources */ = {isa = PBXBuildFile; fileRef = 044411901DB45D4B006BB06A /* LaunchScreen.storyboard */; };
		0444119B1DB45DF0006BB06A /* CollectionViewCell.swift in Sources */ = {isa = PBXBuildFile; fileRef = 044411991DB45DF0006BB06A /* CollectionViewCell.swift */; };
		0444119C1DB45DF0006BB06A /* CollectionViewCell.xib in Resources */ = {isa = PBXBuildFile; fileRef = 0444119A1DB45DF0006BB06A /* CollectionViewCell.xib */; };
		0444119E1DB46014006BB06A /* ViewController2.swift in Sources */ = {isa = PBXBuildFile; fileRef = 0444119D1DB46014006BB06A /* ViewController2.swift */; };
		3867987458050FF4EA14CADC /* Pods_reusableDemo.framework in Frameworks */ = {isa = PBXBuildFile; fileRef = FF9FCD182901CC87A78953EA /* Pods_reusableDemo.framework */; };
/* End PBXBuildFile section */

/* Begin PBXFileReference section */
		044411841DB45D4B006BB06A /* reusableDemo.app */ = {isa = PBXFileReference; explicitFileType = wrapper.application; includeInIndex = 0; path = reusableDemo.app; sourceTree = BUILT_PRODUCTS_DIR; };
		044411871DB45D4B006BB06A /* AppDelegate.swift */ = {isa = PBXFileReference; lastKnownFileType = sourcecode.swift; path = AppDelegate.swift; sourceTree = "<group>"; };
		044411891DB45D4B006BB06A /* ViewController.swift */ = {isa = PBXFileReference; lastKnownFileType = sourcecode.swift; path = ViewController.swift; sourceTree = "<group>"; };
		0444118E1DB45D4B006BB06A /* Assets.xcassets */ = {isa = PBXFileReference; lastKnownFileType = folder.assetcatalog; path = Assets.xcassets; sourceTree = "<group>"; };
		044411911DB45D4B006BB06A /* Base */ = {isa = PBXFileReference; lastKnownFileType = file.storyboard; name = Base; path = Base.lproj/LaunchScreen.storyboard; sourceTree = "<group>"; };
		044411931DB45D4B006BB06A /* Info.plist */ = {isa = PBXFileReference; lastKnownFileType = text.plist.xml; path = Info.plist; sourceTree = "<group>"; };
		044411991DB45DF0006BB06A /* CollectionViewCell.swift */ = {isa = PBXFileReference; fileEncoding = 4; lastKnownFileType = sourcecode.swift; path = CollectionViewCell.swift; sourceTree = "<group>"; };
		0444119A1DB45DF0006BB06A /* CollectionViewCell.xib */ = {isa = PBXFileReference; fileEncoding = 4; lastKnownFileType = file.xib; path = CollectionViewCell.xib; sourceTree = "<group>"; };
		0444119D1DB46014006BB06A /* ViewController2.swift */ = {isa = PBXFileReference; fileEncoding = 4; lastKnownFileType = sourcecode.swift; path = ViewController2.swift; sourceTree = "<group>"; };
		4F7F8F70DE943645BD1CFC16 /* Pods-reusableDemo.debug.xcconfig */ = {isa = PBXFileReference; includeInIndex = 1; lastKnownFileType = text.xcconfig; name = "Pods-reusableDemo.debug.xcconfig"; path = "Pods/Target Support Files/Pods-reusableDemo/Pods-reusableDemo.debug.xcconfig"; sourceTree = "<group>"; };
		8EB93B6F96FB07595CAACBCC /* Pods-reusableDemo.release.xcconfig */ = {isa = PBXFileReference; includeInIndex = 1; lastKnownFileType = text.xcconfig; name = "Pods-reusableDemo.release.xcconfig"; path = "Pods/Target Support Files/Pods-reusableDemo/Pods-reusableDemo.release.xcconfig"; sourceTree = "<group>"; };
		FF9FCD182901CC87A78953EA /* Pods_reusableDemo.framework */ = {isa = PBXFileReference; explicitFileType = wrapper.framework; includeInIndex = 0; path = Pods_reusableDemo.framework; sourceTree = BUILT_PRODUCTS_DIR; };
/* End PBXFileReference section */

/* Begin PBXFrameworksBuildPhase section */
		044411811DB45D4B006BB06A /* Frameworks */ = {
			isa = PBXFrameworksBuildPhase;
			buildActionMask = 2147483647;
			files = (
				3867987458050FF4EA14CADC /* Pods_reusableDemo.framework in Frameworks */,
			);
			runOnlyForDeploymentPostprocessing = 0;
		};
/* End PBXFrameworksBuildPhase section */

/* Begin PBXGroup section */
		0444117B1DB45D4B006BB06A = {
			isa = PBXGroup;
			children = (
				044411861DB45D4B006BB06A /* reusableDemo */,
				044411851DB45D4B006BB06A /* Products */,
				049099A260311795084D2552 /* Pods */,
				4F1E604858660F85C05EE1BD /* Frameworks */,
			);
			sourceTree = "<group>";
		};
		044411851DB45D4B006BB06A /* Products */ = {
			isa = PBXGroup;
			children = (
				044411841DB45D4B006BB06A /* reusableDemo.app */,
			);
			name = Products;
			sourceTree = "<group>";
		};
		044411861DB45D4B006BB06A /* reusableDemo */ = {
			isa = PBXGroup;
			children = (
				044411871DB45D4B006BB06A /* AppDelegate.swift */,
				044411891DB45D4B006BB06A /* ViewController.swift */,
				0444119D1DB46014006BB06A /* ViewController2.swift */,
				044411991DB45DF0006BB06A /* CollectionViewCell.swift */,
				0444119A1DB45DF0006BB06A /* CollectionViewCell.xib */,
				0444118E1DB45D4B006BB06A /* Assets.xcassets */,
				044411901DB45D4B006BB06A /* LaunchScreen.storyboard */,
				044411931DB45D4B006BB06A /* Info.plist */,
			);
			path = reusableDemo;
			sourceTree = "<group>";
		};
		049099A260311795084D2552 /* Pods */ = {
			isa = PBXGroup;
			children = (
				4F7F8F70DE943645BD1CFC16 /* Pods-reusableDemo.debug.xcconfig */,
				8EB93B6F96FB07595CAACBCC /* Pods-reusableDemo.release.xcconfig */,
			);
			name = Pods;
			sourceTree = "<group>";
		};
		4F1E604858660F85C05EE1BD /* Frameworks */ = {
			isa = PBXGroup;
			children = (
				FF9FCD182901CC87A78953EA /* Pods_reusableDemo.framework */,
			);
			name = Frameworks;
			sourceTree = "<group>";
		};
/* End PBXGroup section */

/* Begin PBXNativeTarget section */
		044411831DB45D4B006BB06A /* reusableDemo */ = {
			isa = PBXNativeTarget;
			buildConfigurationList = 044411961DB45D4B006BB06A /* Build configuration list for PBXNativeTarget "reusableDemo" */;
			buildPhases = (
				07590E7EE7AC78B111391DB6 /* [CP] Check Pods Manifest.lock */,
				044411801DB45D4B006BB06A /* Sources */,
				044411811DB45D4B006BB06A /* Frameworks */,
				044411821DB45D4B006BB06A /* Resources */,
				3AFC8D7ED2CCA3D3F14853F6 /* [CP] Embed Pods Frameworks */,
				2737BCC4D002FFAD04423C69 /* [CP] Copy Pods Resources */,
			);
			buildRules = (
			);
			dependencies = (
			);
			name = reusableDemo;
			productName = reusableDemo;
			productReference = 044411841DB45D4B006BB06A /* reusableDemo.app */;
			productType = "com.apple.product-type.application";
		};
/* End PBXNativeTarget section */

/* Begin PBXProject section */
		0444117C1DB45D4B006BB06A /* Project object */ = {
			isa = PBXProject;
			attributes = {
				LastSwiftUpdateCheck = 0800;
				LastUpgradeCheck = 0800;
				ORGANIZATIONNAME = "litt1e-p";
				TargetAttributes = {
					044411831DB45D4B006BB06A = {
						CreatedOnToolsVersion = 8.0;
						ProvisioningStyle = Automatic;
					};
				};
			};
			buildConfigurationList = 0444117F1DB45D4B006BB06A /* Build configuration list for PBXProject "reusableDemo" */;
			compatibilityVersion = "Xcode 3.2";
			developmentRegion = English;
			hasScannedForEncodings = 0;
			knownRegions = (
				en,
				Base,
			);
			mainGroup = 0444117B1DB45D4B006BB06A;
			productRefGroup = 044411851DB45D4B006BB06A /* Products */;
			projectDirPath = "";
			projectRoot = "";
			targets = (
				044411831DB45D4B006BB06A /* reusableDemo */,
			);
		};
/* End PBXProject section */

/* Begin PBXResourcesBuildPhase section */
		044411821DB45D4B006BB06A /* Resources */ = {
			isa = PBXResourcesBuildPhase;
			buildActionMask = 2147483647;
			files = (
				044411921DB45D4B006BB06A /* LaunchScreen.storyboard in Resources */,
				0444118F1DB45D4B006BB06A /* Assets.xcassets in Resources */,
				0444119C1DB45DF0006BB06A /* CollectionViewCell.xib in Resources */,
			);
			runOnlyForDeploymentPostprocessing = 0;
		};
/* End PBXResourcesBuildPhase section */

/* Begin PBXShellScriptBuildPhase section */
		07590E7EE7AC78B111391DB6 /* [CP] Check Pods Manifest.lock */ = {
			isa = PBXShellScriptBuildPhase;
			buildActionMask = 2147483647;
			files = (
			);
			inputPaths = (
			);
			name = "[CP] Check Pods Manifest.lock";
			outputPaths = (
			);
			runOnlyForDeploymentPostprocessing = 0;
			shellPath = /bin/sh;
			shellScript = "diff \"${PODS_ROOT}/../Podfile.lock\" \"${PODS_ROOT}/Manifest.lock\" > /dev/null\nif [ $? != 0 ] ; then\n    # print error to STDERR\n    echo \"error: The sandbox is not in sync with the Podfile.lock. Run 'pod install' or update your CocoaPods installation.\" >&2\n    exit 1\nfi\n";
			showEnvVarsInLog = 0;
		};
		2737BCC4D002FFAD04423C69 /* [CP] Copy Pods Resources */ = {
			isa = PBXShellScriptBuildPhase;
			buildActionMask = 2147483647;
			files = (
			);
			inputPaths = (
			);
			name = "[CP] Copy Pods Resources";
			outputPaths = (
			);
			runOnlyForDeploymentPostprocessing = 0;
			shellPath = /bin/sh;
			shellScript = "\"${SRCROOT}/Pods/Target Support Files/Pods-reusableDemo/Pods-reusableDemo-resources.sh\"\n";
			showEnvVarsInLog = 0;
		};
		3AFC8D7ED2CCA3D3F14853F6 /* [CP] Embed Pods Frameworks */ = {
			isa = PBXShellScriptBuildPhase;
			buildActionMask = 2147483647;
			files = (
			);
			inputPaths = (
			);
			name = "[CP] Embed Pods Frameworks";
			outputPaths = (
			);
			runOnlyForDeploymentPostprocessing = 0;
			shellPath = /bin/sh;
			shellScript = "\"${SRCROOT}/Pods/Target Support Files/Pods-reusableDemo/Pods-reusableDemo-frameworks.sh\"\n";
			showEnvVarsInLog = 0;
		};
/* End PBXShellScriptBuildPhase section */

/* Begin PBXSourcesBuildPhase section */
		044411801DB45D4B006BB06A /* Sources */ = {
			isa = PBXSourcesBuildPhase;
			buildActionMask = 2147483647;
			files = (
				0444118A1DB45D4B006BB06A /* ViewController.swift in Sources */,
				0444119E1DB46014006BB06A /* ViewController2.swift in Sources */,
				044411881DB45D4B006BB06A /* AppDelegate.swift in Sources */,
				0444119B1DB45DF0006BB06A /* CollectionViewCell.swift in Sources */,
			);
			runOnlyForDeploymentPostprocessing = 0;
		};
/* End PBXSourcesBuildPhase section */

/* Begin PBXVariantGroup section */
		044411901DB45D4B006BB06A /* LaunchScreen.storyboard */ = {
			isa = PBXVariantGroup;
			children = (
				044411911DB45D4B006BB06A /* Base */,
			);
			name = LaunchScreen.storyboard;
			sourceTree = "<group>";
		};
/* End PBXVariantGroup section */

/* Begin XCBuildConfiguration section */
		044411941DB45D4B006BB06A /* Debug */ = {
			isa = XCBuildConfiguration;
			buildSettings = {
				ALWAYS_SEARCH_USER_PATHS = NO;
				CLANG_ANALYZER_NONNULL = YES;
				CLANG_CXX_LANGUAGE_STANDARD = "gnu++0x";
				CLANG_CXX_LIBRARY = "libc++";
				CLANG_ENABLE_MODULES = YES;
				CLANG_ENABLE_OBJC_ARC = YES;
				CLANG_WARN_BOOL_CONVERSION = YES;
				CLANG_WARN_CONSTANT_CONVERSION = YES;
				CLANG_WARN_DIRECT_OBJC_ISA_USAGE = YES_ERROR;
				CLANG_WARN_DOCUMENTATION_COMMENTS = YES;
				CLANG_WARN_EMPTY_BODY = YES;
				CLANG_WARN_ENUM_CONVERSION = YES;
				CLANG_WARN_INFINITE_RECURSION = YES;
				CLANG_WARN_INT_CONVERSION = YES;
				CLANG_WARN_OBJC_ROOT_CLASS = YES_ERROR;
				CLANG_WARN_SUSPICIOUS_MOVES = YES;
				CLANG_WARN_UNREACHABLE_CODE = YES;
				CLANG_WARN__DUPLICATE_METHOD_MATCH = YES;
				"CODE_SIGN_IDENTITY[sdk=iphoneos*]" = "iPhone Developer";
				COPY_PHASE_STRIP = NO;
				DEBUG_INFORMATION_FORMAT = dwarf;
				ENABLE_STRICT_OBJC_MSGSEND = YES;
				ENABLE_TESTABILITY = YES;
				GCC_C_LANGUAGE_STANDARD = gnu99;
				GCC_DYNAMIC_NO_PIC = NO;
				GCC_NO_COMMON_BLOCKS = YES;
				GCC_OPTIMIZATION_LEVEL = 0;
				GCC_PREPROCESSOR_DEFINITIONS = (
					"DEBUG=1",
					"$(inherited)",
				);
				GCC_WARN_64_TO_32_BIT_CONVERSION = YES;
				GCC_WARN_ABOUT_RETURN_TYPE = YES_ERROR;
				GCC_WARN_UNDECLARED_SELECTOR = YES;
				GCC_WARN_UNINITIALIZED_AUTOS = YES_AGGRESSIVE;
				GCC_WARN_UNUSED_FUNCTION = YES;
				GCC_WARN_UNUSED_VARIABLE = YES;
				IPHONEOS_DEPLOYMENT_TARGET = 10.0;
				MTL_ENABLE_DEBUG_INFO = YES;
				ONLY_ACTIVE_ARCH = YES;
				SDKROOT = iphoneos;
				SWIFT_ACTIVE_COMPILATION_CONDITIONS = DEBUG;
				SWIFT_OPTIMIZATION_LEVEL = "-Onone";
			};
			name = Debug;
		};
		044411951DB45D4B006BB06A /* Release */ = {
			isa = XCBuildConfiguration;
			buildSettings = {
				ALWAYS_SEARCH_USER_PATHS = NO;
				CLANG_ANALYZER_NONNULL = YES;
				CLANG_CXX_LANGUAGE_STANDARD = "gnu++0x";
				CLANG_CXX_LIBRARY = "libc++";
				CLANG_ENABLE_MODULES = YES;
				CLANG_ENABLE_OBJC_ARC = YES;
				CLANG_WARN_BOOL_CONVERSION = YES;
				CLANG_WARN_CONSTANT_CONVERSION = YES;
				CLANG_WARN_DIRECT_OBJC_ISA_USAGE = YES_ERROR;
				CLANG_WARN_DOCUMENTATION_COMMENTS = YES;
				CLANG_WARN_EMPTY_BODY = YES;
				CLANG_WARN_ENUM_CONVERSION = YES;
				CLANG_WARN_INFINITE_RECURSION = YES;
				CLANG_WARN_INT_CONVERSION = YES;
				CLANG_WARN_OBJC_ROOT_CLASS = YES_ERROR;
				CLANG_WARN_SUSPICIOUS_MOVES = YES;
				CLANG_WARN_UNREACHABLE_CODE = YES;
				CLANG_WARN__DUPLICATE_METHOD_MATCH = YES;
				"CODE_SIGN_IDENTITY[sdk=iphoneos*]" = "iPhone Developer";
				COPY_PHASE_STRIP = NO;
				DEBUG_INFORMATION_FORMAT = "dwarf-with-dsym";
				ENABLE_NS_ASSERTIONS = NO;
				ENABLE_STRICT_OBJC_MSGSEND = YES;
				GCC_C_LANGUAGE_STANDARD = gnu99;
				GCC_NO_COMMON_BLOCKS = YES;
				GCC_WARN_64_TO_32_BIT_CONVERSION = YES;
				GCC_WARN_ABOUT_RETURN_TYPE = YES_ERROR;
				GCC_WARN_UNDECLARED_SELECTOR = YES;
				GCC_WARN_UNINITIALIZED_AUTOS = YES_AGGRESSIVE;
				GCC_WARN_UNUSED_FUNCTION = YES;
				GCC_WARN_UNUSED_VARIABLE = YES;
				IPHONEOS_DEPLOYMENT_TARGET = 10.0;
				MTL_ENABLE_DEBUG_INFO = NO;
				SDKROOT = iphoneos;
				SWIFT_OPTIMIZATION_LEVEL = "-Owholemodule";
				VALIDATE_PRODUCT = YES;
			};
			name = Release;
		};
		044411971DB45D4B006BB06A /* Debug */ = {
			isa = XCBuildConfiguration;
			baseConfigurationReference = 4F7F8F70DE943645BD1CFC16 /* Pods-reusableDemo.debug.xcconfig */;
			buildSettings = {
				ASSETCATALOG_COMPILER_APPICON_NAME = AppIcon;
				"CODE_SIGN_IDENTITY[sdk=iphoneos*]" = "iPhone Developer";
				DEVELOPMENT_TEAM = "";
				INFOPLIST_FILE = reusableDemo/Info.plist;
				IPHONEOS_DEPLOYMENT_TARGET = 8.0;
				LD_RUNPATH_SEARCH_PATHS = "$(inherited) @executable_path/Frameworks";
				PRODUCT_BUNDLE_IDENTIFIER = "com.litt1e-p.reusableDemo";
				PRODUCT_NAME = "$(TARGET_NAME)";
				SWIFT_VERSION = 3.0;
			};
			name = Debug;
		};
		044411981DB45D4B006BB06A /* Release */ = {
			isa = XCBuildConfiguration;
			baseConfigurationReference = 8EB93B6F96FB07595CAACBCC /* Pods-reusableDemo.release.xcconfig */;
			buildSettings = {
				ASSETCATALOG_COMPILER_APPICON_NAME = AppIcon;
				"CODE_SIGN_IDENTITY[sdk=iphoneos*]" = "iPhone Developer";
				DEVELOPMENT_TEAM = "";
				INFOPLIST_FILE = reusableDemo/Info.plist;
				IPHONEOS_DEPLOYMENT_TARGET = 8.0;
				LD_RUNPATH_SEARCH_PATHS = "$(inherited) @executable_path/Frameworks";
				PRODUCT_BUNDLE_IDENTIFIER = "com.litt1e-p.reusableDemo";
				PRODUCT_NAME = "$(TARGET_NAME)";
				SWIFT_VERSION = 3.0;
			};
			name = Release;
		};
/* End XCBuildConfiguration section */

/* Begin XCConfigurationList section */
		0444117F1DB45D4B006BB06A /* Build configuration list for PBXProject "reusableDemo" */ = {
			isa = XCConfigurationList;
			buildConfigurations = (
				044411941DB45D4B006BB06A /* Debug */,
				044411951DB45D4B006BB06A /* Release */,
			);
			defaultConfigurationIsVisible = 0;
			defaultConfigurationName = Release;
		};
		044411961DB45D4B006BB06A /* Build configuration list for PBXNativeTarget "reusableDemo" */ = {
			isa = XCConfigurationList;
			buildConfigurations = (
				044411971DB45D4B006BB06A /* Debug */,
				044411981DB45D4B006BB06A /* Release */,
			);
			defaultConfigurationIsVisible = 0;
			defaultConfigurationName = Release;
		};
/* End XCConfigurationList section */
	};
	rootObject = 0444117C1DB45D4B006BB06A /* Project object */;
}
